
Microsoft Visual Studio Solution File, Format Version 12.00
# Visual Studio Version 16
VisualStudioVersion = 16.0.33801.447
MinimumVisualStudioVersion = 10.0.40219.1
Project("{FAE04EC0-301F-11D3-BF4B-00C04F79EFBC}") = "BMIService", "BMIService\BMIService.csproj", "{B8465C60-888A-4539-A345-F50AD6C181D9}"
EndProject
Project("{FAE04EC0-301F-11D3-BF4B-00C04F79EFBC}") = "BMIClient", "BMIClient\BMIClient.csproj", "{385D3321-4245-47A0-8254-483474E2909A}"
	ProjectSection(ProjectDependencies) = postProject
		{B8465C60-888A-4539-A345-F50AD6C181D9} = {B8465C60-888A-4539-A345-F50AD6C181D9}
	EndProjectSection
EndProject
Global
	GlobalSection(SolutionConfigurationPlatforms) = preSolution
		Debug|Any CPU = Debug|Any CPU
		Release|Any CPU = Release|Any CPU
	EndGlobalSection
	GlobalSection(ProjectConfigurationPlatforms) = postSolution
		{B8465C60-888A-4539-A345-F50AD6C181D9}.Debug|Any CPU.ActiveCfg = Debug|Any CPU
		{B8465C60-888A-4539-A345-F50AD6C181D9}.Debug|Any CPU.Build.0 = Debug|Any CPU
		{B8465C60-888A-4539-A345-F50AD6C181D9}.Release|Any CPU.ActiveCfg = Release|Any CPU
		{B8465C60-888A-4539-A345-F50AD6C181D9}.Release|Any CPU.Build.0 = Release|Any CPU
		{385D3321-4245-47A0-8254-483474E2909A}.Debug|Any CPU.ActiveCfg = Debug|Any CPU
		{385D3321-4245-47A0-8254-483474E2909A}.Debug|Any CPU.Build.0 = Debug|Any CPU
		{385D3321-4245-47A0-8254-483474E2909A}.Release|Any CPU.ActiveCfg = Release|Any CPU
		{385D3321-4245-47A0-8254-483474E2909A}.Release|Any CPU.Build.0 = Release|Any CPU
	EndGlobalSection
	GlobalSection(SolutionProperties) = preSolution
		HideSolutionNode = FALSE
	EndGlobalSection
	GlobalSection(ExtensibilityGlobals) = postSolution
		SolutionGuid = {1B303AB1-F606-4456-AD2A-9BA6FD4196CF}
	EndGlobalSection
EndGlobal
