
Microsoft Visual Studio Solution File, Format Version 12.00
# Visual Studio Version 16
VisualStudioVersion = 16.0.33801.447
MinimumVisualStudioVersion = 10.0.40219.1
Project("{FAE04EC0-301F-11D3-BF4B-00C04F79EFBC}") = "BMIService", "BMIService\BMIService.csproj", "{5FBCD89D-C5CC-4E08-A476-81CB39901CD2}"
EndProject
Project("{FAE04EC0-301F-11D3-BF4B-00C04F79EFBC}") = "BMIClient", "BMIClient\BMIClient.csproj", "{3214AC49-CB7E-405E-8269-F43B129C9090}"
EndProject
Global
	GlobalSection(SolutionConfigurationPlatforms) = preSolution
		Debug|Any CPU = Debug|Any CPU
		Release|Any CPU = Release|Any CPU
	EndGlobalSection
	GlobalSection(ProjectConfigurationPlatforms) = postSolution
		{5FBCD89D-C5CC-4E08-A476-81CB39901CD2}.Debug|Any CPU.ActiveCfg = Debug|Any CPU
		{5FBCD89D-C5CC-4E08-A476-81CB39901CD2}.Debug|Any CPU.Build.0 = Debug|Any CPU
		{5FBCD89D-C5CC-4E08-A476-81CB39901CD2}.Release|Any CPU.ActiveCfg = Release|Any CPU
		{5FBCD89D-C5CC-4E08-A476-81CB39901CD2}.Release|Any CPU.Build.0 = Release|Any CPU
		{3214AC49-CB7E-405E-8269-F43B129C9090}.Debug|Any CPU.ActiveCfg = Debug|Any CPU
		{3214AC49-CB7E-405E-8269-F43B129C9090}.Debug|Any CPU.Build.0 = Debug|Any CPU
		{3214AC49-CB7E-405E-8269-F43B129C9090}.Release|Any CPU.ActiveCfg = Release|Any CPU
		{3214AC49-CB7E-405E-8269-F43B129C9090}.Release|Any CPU.Build.0 = Release|Any CPU
	EndGlobalSection
	GlobalSection(SolutionProperties) = preSolution
		HideSolutionNode = FALSE
	EndGlobalSection
	GlobalSection(ExtensibilityGlobals) = postSolution
		SolutionGuid = {578338C6-7798-4D4F-B813-4B21314857FE}
	EndGlobalSection
EndGlobal
